
Microsoft Visual Studio Solution File, Format Version 12.00
# Visual Studio Version 16
VisualStudioVersion = 16.0.32602.291
MinimumVisualStudioVersion = 10.0.40219.1
Project("{FAE04EC0-301F-11D3-BF4B-00C04F79EFBC}") = "SPD Write Bot", "SPD Write Bot\SPD Write Bot.csproj", "{1C8EB7D9-8983-4531-878A-6034FD88D05C}"
EndProject
Global
	GlobalSection(SolutionConfigurationPlatforms) = preSolution
		Debug|Any CPU = Debug|Any CPU
		Release|Any CPU = Release|Any CPU
	EndGlobalSection
	GlobalSection(ProjectConfigurationPlatforms) = postSolution
		{1C8EB7D9-8983-4531-878A-6034FD88D05C}.Debug|Any CPU.ActiveCfg = Debug|Any CPU
		{1C8EB7D9-8983-4531-878A-6034FD88D05C}.Debug|Any CPU.Build.0 = Debug|Any CPU
		{1C8EB7D9-8983-4531-878A-6034FD88D05C}.Release|Any CPU.ActiveCfg = Release|Any CPU
		{1C8EB7D9-8983-4531-878A-6034FD88D05C}.Release|Any CPU.Build.0 = Release|Any CPU
	EndGlobalSection
	GlobalSection(SolutionProperties) = preSolution
		HideSolutionNode = FALSE
	EndGlobalSection
	GlobalSection(ExtensibilityGlobals) = postSolution
		SolutionGuid = {055206C0-7501-4CF6-A645-48263299C1D9}
	EndGlobalSection
EndGlobal
